
Microsoft Visual Studio Solution File, Format Version 12.00
# Visual Studio Version 16
VisualStudioVersion = 16.0.30907.101
MinimumVisualStudioVersion = 10.0.40219.1
Project("{FAE04EC0-301F-11D3-BF4B-00C04F79EFBC}") = "Conexao", "Conexao\Conexao.csproj", "{C8A54A77-091C-4CB6-92D4-A9A954237928}"
EndProject
Global
	GlobalSection(SolutionConfigurationPlatforms) = preSolution
		Debug|Any CPU = Debug|Any CPU
		Release|Any CPU = Release|Any CPU
	EndGlobalSection
	GlobalSection(ProjectConfigurationPlatforms) = postSolution
		{C8A54A77-091C-4CB6-92D4-A9A954237928}.Debug|Any CPU.ActiveCfg = Debug|Any CPU
		{C8A54A77-091C-4CB6-92D4-A9A954237928}.Debug|Any CPU.Build.0 = Debug|Any CPU
		{C8A54A77-091C-4CB6-92D4-A9A954237928}.Release|Any CPU.ActiveCfg = Release|Any CPU
		{C8A54A77-091C-4CB6-92D4-A9A954237928}.Release|Any CPU.Build.0 = Release|Any CPU
	EndGlobalSection
	GlobalSection(SolutionProperties) = preSolution
		HideSolutionNode = FALSE
	EndGlobalSection
	GlobalSection(ExtensibilityGlobals) = postSolution
		SolutionGuid = {EDF168EE-9A59-4F0F-A7D0-BBE69580766F}
	EndGlobalSection
EndGlobal
